
Microsoft Visual Studio Solution File, Format Version 12.00
# Visual Studio Version 16
VisualStudioVersion = 16.0.30204.135
MinimumVisualStudioVersion = 10.0.40219.1
Project("{FAE04EC0-301F-11D3-BF4B-00C04F79EFBC}") = "DataGovAPIIntro2", "DataGovAPIIntro2.csproj", "{6C1A524D-18F1-4CF3-82C9-6C262C5E6548}"
EndProject
Global
	GlobalSection(SolutionConfigurationPlatforms) = preSolution
		Debug|Any CPU = Debug|Any CPU
		Release|Any CPU = Release|Any CPU
	EndGlobalSection
	GlobalSection(ProjectConfigurationPlatforms) = postSolution
		{6C1A524D-18F1-4CF3-82C9-6C262C5E6548}.Debug|Any CPU.ActiveCfg = Debug|Any CPU
		{6C1A524D-18F1-4CF3-82C9-6C262C5E6548}.Debug|Any CPU.Build.0 = Debug|Any CPU
		{6C1A524D-18F1-4CF3-82C9-6C262C5E6548}.Release|Any CPU.ActiveCfg = Release|Any CPU
		{6C1A524D-18F1-4CF3-82C9-6C262C5E6548}.Release|Any CPU.Build.0 = Release|Any CPU
	EndGlobalSection
	GlobalSection(SolutionProperties) = preSolution
		HideSolutionNode = FALSE
	EndGlobalSection
	GlobalSection(ExtensibilityGlobals) = postSolution
		SolutionGuid = {266693AA-03E7-440E-8F66-BBDDB1B89B3C}
	EndGlobalSection
EndGlobal
